
Microsoft Visual Studio Solution File, Format Version 12.00
# Visual Studio Version 17
VisualStudioVersion = 17.0.31912.275
MinimumVisualStudioVersion = 10.0.40219.1
Project("{FAE04EC0-301F-11D3-BF4B-00C04F79EFBC}") = "SparesShop2", "SparesShop2\SparesShop2.csproj", "{766AEA2E-FA55-4B14-8E55-70A81C974811}"
EndProject
Global
	GlobalSection(SolutionConfigurationPlatforms) = preSolution
		Debug|Any CPU = Debug|Any CPU
		Release|Any CPU = Release|Any CPU
	EndGlobalSection
	GlobalSection(ProjectConfigurationPlatforms) = postSolution
		{766AEA2E-FA55-4B14-8E55-70A81C974811}.Debug|Any CPU.ActiveCfg = Debug|Any CPU
		{766AEA2E-FA55-4B14-8E55-70A81C974811}.Debug|Any CPU.Build.0 = Debug|Any CPU
		{766AEA2E-FA55-4B14-8E55-70A81C974811}.Release|Any CPU.ActiveCfg = Release|Any CPU
		{766AEA2E-FA55-4B14-8E55-70A81C974811}.Release|Any CPU.Build.0 = Release|Any CPU
	EndGlobalSection
	GlobalSection(SolutionProperties) = preSolution
		HideSolutionNode = FALSE
	EndGlobalSection
	GlobalSection(ExtensibilityGlobals) = postSolution
		SolutionGuid = {C9659A30-C9EF-4CB4-ADCB-EBA0B43C48AB}
	EndGlobalSection
EndGlobal
